// !$*UTF8*$!
{
	archiveVersion = 1;
	classes = {
	};
	objectVersion = 56;
	objects = {

/* Begin PBXBuildFile section */
		FA5ED14D2BEB7FDE00C9986A /* AsyncAwaitWithSwiftUIApp.swift in Sources */ = {isa = PBXBuildFile; fileRef = FA5ED14C2BEB7FDE00C9986A /* AsyncAwaitWithSwiftUIApp.swift */; };
		FA5ED14F2BEB7FDE00C9986A /* ContentView.swift in Sources */ = {isa = PBXBuildFile; fileRef = FA5ED14E2BEB7FDE00C9986A /* ContentView.swift */; };
		FA5ED1512BEB7FDF00C9986A /* Assets.xcassets in Resources */ = {isa = PBXBuildFile; fileRef = FA5ED1502BEB7FDF00C9986A /* Assets.xcassets */; };
		FA5ED1542BEB7FDF00C9986A /* Preview Assets.xcassets in Resources */ = {isa = PBXBuildFile; fileRef = FA5ED1532BEB7FDF00C9986A /* Preview Assets.xcassets */; };
		FA5ED15E2BEB7FE000C9986A /* AsyncAwaitWithSwiftUITests.swift in Sources */ = {isa = PBXBuildFile; fileRef = FA5ED15D2BEB7FE000C9986A /* AsyncAwaitWithSwiftUITests.swift */; };
		FA5ED1682BEB7FE000C9986A /* AsyncAwaitWithSwiftUIUITests.swift in Sources */ = {isa = PBXBuildFile; fileRef = FA5ED1672BEB7FE000C9986A /* AsyncAwaitWithSwiftUIUITests.swift */; };
		FA5ED16A2BEB7FE000C9986A /* AsyncAwaitWithSwiftUIUITestsLaunchTests.swift in Sources */ = {isa = PBXBuildFile; fileRef = FA5ED1692BEB7FE000C9986A /* AsyncAwaitWithSwiftUIUITestsLaunchTests.swift */; };
/* End PBXBuildFile section */

/* Begin PBXContainerItemProxy section */
		FA5ED15A2BEB7FE000C9986A /* PBXContainerItemProxy */ = {
			isa = PBXContainerItemProxy;
			containerPortal = FA5ED1412BEB7FDE00C9986A /* Project object */;
			proxyType = 1;
			remoteGlobalIDString = FA5ED1482BEB7FDE00C9986A;
			remoteInfo = AsyncAwaitWithSwiftUI;
		};
		FA5ED1642BEB7FE000C9986A /* PBXContainerItemProxy */ = {
			isa = PBXContainerItemProxy;
			containerPortal = FA5ED1412BEB7FDE00C9986A /* Project object */;
			proxyType = 1;
			remoteGlobalIDString = FA5ED1482BEB7FDE00C9986A;
			remoteInfo = AsyncAwaitWithSwiftUI;
		};
/* End PBXContainerItemProxy section */

/* Begin PBXFileReference section */
		FA5ED1492BEB7FDE00C9986A /* AsyncAwaitWithSwiftUI.app */ = {isa = PBXFileReference; explicitFileType = wrapper.application; includeInIndex = 0; path = AsyncAwaitWithSwiftUI.app; sourceTree = BUILT_PRODUCTS_DIR; };
		FA5ED14C2BEB7FDE00C9986A /* AsyncAwaitWithSwiftUIApp.swift */ = {isa = PBXFileReference; lastKnownFileType = sourcecode.swift; path = AsyncAwaitWithSwiftUIApp.swift; sourceTree = "<group>"; };
		FA5ED14E2BEB7FDE00C9986A /* ContentView.swift */ = {isa = PBXFileReference; lastKnownFileType = sourcecode.swift; path = ContentView.swift; sourceTree = "<group>"; };
		FA5ED1502BEB7FDF00C9986A /* Assets.xcassets */ = {isa = PBXFileReference; lastKnownFileType = folder.assetcatalog; path = Assets.xcassets; sourceTree = "<group>"; };
		FA5ED1532BEB7FDF00C9986A /* Preview Assets.xcassets */ = {isa = PBXFileReference; lastKnownFileType = folder.assetcatalog; path = "Preview Assets.xcassets"; sourceTree = "<group>"; };
		FA5ED1592BEB7FE000C9986A /* AsyncAwaitWithSwiftUITests.xctest */ = {isa = PBXFileReference; explicitFileType = wrapper.cfbundle; includeInIndex = 0; path = AsyncAwaitWithSwiftUITests.xctest; sourceTree = BUILT_PRODUCTS_DIR; };
		FA5ED15D2BEB7FE000C9986A /* AsyncAwaitWithSwiftUITests.swift */ = {isa = PBXFileReference; lastKnownFileType = sourcecode.swift; path = AsyncAwaitWithSwiftUITests.swift; sourceTree = "<group>"; };
		FA5ED1632BEB7FE000C9986A /* AsyncAwaitWithSwiftUIUITests.xctest */ = {isa = PBXFileReference; explicitFileType = wrapper.cfbundle; includeInIndex = 0; path = AsyncAwaitWithSwiftUIUITests.xctest; sourceTree = BUILT_PRODUCTS_DIR; };
		FA5ED1672BEB7FE000C9986A /* AsyncAwaitWithSwiftUIUITests.swift */ = {isa = PBXFileReference; lastKnownFileType = sourcecode.swift; path = AsyncAwaitWithSwiftUIUITests.swift; sourceTree = "<group>"; };
		FA5ED1692BEB7FE000C9986A /* AsyncAwaitWithSwiftUIUITestsLaunchTests.swift */ = {isa = PBXFileReference; lastKnownFileType = sourcecode.swift; path = AsyncAwaitWithSwiftUIUITestsLaunchTests.swift; sourceTree = "<group>"; };
/* End PBXFileReference section */

/* Begin PBXFrameworksBuildPhase section */
		FA5ED1462BEB7FDE00C9986A /* Frameworks */ = {
			isa = PBXFrameworksBuildPhase;
			buildActionMask = 2147483647;
			files = (
			);
			runOnlyForDeploymentPostprocessing = 0;
		};
		FA5ED1562BEB7FE000C9986A /* Frameworks */ = {
			isa = PBXFrameworksBuildPhase;
			buildActionMask = 2147483647;
			files = (
			);
			runOnlyForDeploymentPostprocessing = 0;
		};
		FA5ED1602BEB7FE000C9986A /* Frameworks */ = {
			isa = PBXFrameworksBuildPhase;
			buildActionMask = 2147483647;
			files = (
			);
			runOnlyForDeploymentPostprocessing = 0;
		};
/* End PBXFrameworksBuildPhase section */

/* Begin PBXGroup section */
		FA5ED1402BEB7FDE00C9986A = {
			isa = PBXGroup;
			children = (
				FA5ED14B2BEB7FDE00C9986A /* AsyncAwaitWithSwiftUI */,
				FA5ED15C2BEB7FE000C9986A /* AsyncAwaitWithSwiftUITests */,
				FA5ED1662BEB7FE000C9986A /* AsyncAwaitWithSwiftUIUITests */,
				FA5ED14A2BEB7FDE00C9986A /* Products */,
			);
			sourceTree = "<group>";
		};
		FA5ED14A2BEB7FDE00C9986A /* Products */ = {
			isa = PBXGroup;
			children = (
				FA5ED1492BEB7FDE00C9986A /* AsyncAwaitWithSwiftUI.app */,
				FA5ED1592BEB7FE000C9986A /* AsyncAwaitWithSwiftUITests.xctest */,
				FA5ED1632BEB7FE000C9986A /* AsyncAwaitWithSwiftUIUITests.xctest */,
			);
			name = Products;
			sourceTree = "<group>";
		};
		FA5ED14B2BEB7FDE00C9986A /* AsyncAwaitWithSwiftUI */ = {
			isa = PBXGroup;
			children = (
				FA5ED14C2BEB7FDE00C9986A /* AsyncAwaitWithSwiftUIApp.swift */,
				FA5ED14E2BEB7FDE00C9986A /* ContentView.swift */,
				FA5ED1502BEB7FDF00C9986A /* Assets.xcassets */,
				FA5ED1522BEB7FDF00C9986A /* Preview Content */,
			);
			path = AsyncAwaitWithSwiftUI;
			sourceTree = "<group>";
		};
		FA5ED1522BEB7FDF00C9986A /* Preview Content */ = {
			isa = PBXGroup;
			children = (
				FA5ED1532BEB7FDF00C9986A /* Preview Assets.xcassets */,
			);
			path = "Preview Content";
			sourceTree = "<group>";
		};
		FA5ED15C2BEB7FE000C9986A /* AsyncAwaitWithSwiftUITests */ = {
			isa = PBXGroup;
			children = (
				FA5ED15D2BEB7FE000C9986A /* AsyncAwaitWithSwiftUITests.swift */,
			);
			path = AsyncAwaitWithSwiftUITests;
			sourceTree = "<group>";
		};
		FA5ED1662BEB7FE000C9986A /* AsyncAwaitWithSwiftUIUITests */ = {
			isa = PBXGroup;
			children = (
				FA5ED1672BEB7FE000C9986A /* AsyncAwaitWithSwiftUIUITests.swift */,
				FA5ED1692BEB7FE000C9986A /* AsyncAwaitWithSwiftUIUITestsLaunchTests.swift */,
			);
			path = AsyncAwaitWithSwiftUIUITests;
			sourceTree = "<group>";
		};
/* End PBXGroup section */

/* Begin PBXNativeTarget section */
		FA5ED1482BEB7FDE00C9986A /* AsyncAwaitWithSwiftUI */ = {
			isa = PBXNativeTarget;
			buildConfigurationList = FA5ED16D2BEB7FE000C9986A /* Build configuration list for PBXNativeTarget "AsyncAwaitWithSwiftUI" */;
			buildPhases = (
				FA5ED1452BEB7FDE00C9986A /* Sources */,
				FA5ED1462BEB7FDE00C9986A /* Frameworks */,
				FA5ED1472BEB7FDE00C9986A /* Resources */,
			);
			buildRules = (
			);
			dependencies = (
			);
			name = AsyncAwaitWithSwiftUI;
			productName = AsyncAwaitWithSwiftUI;
			productReference = FA5ED1492BEB7FDE00C9986A /* AsyncAwaitWithSwiftUI.app */;
			productType = "com.apple.product-type.application";
		};
		FA5ED1582BEB7FE000C9986A /* AsyncAwaitWithSwiftUITests */ = {
			isa = PBXNativeTarget;
			buildConfigurationList = FA5ED1702BEB7FE000C9986A /* Build configuration list for PBXNativeTarget "AsyncAwaitWithSwiftUITests" */;
			buildPhases = (
				FA5ED1552BEB7FE000C9986A /* Sources */,
				FA5ED1562BEB7FE000C9986A /* Frameworks */,
				FA5ED1572BEB7FE000C9986A /* Resources */,
			);
			buildRules = (
			);
			dependencies = (
				FA5ED15B2BEB7FE000C9986A /* PBXTargetDependency */,
			);
			name = AsyncAwaitWithSwiftUITests;
			productName = AsyncAwaitWithSwiftUITests;
			productReference = FA5ED1592BEB7FE000C9986A /* AsyncAwaitWithSwiftUITests.xctest */;
			productType = "com.apple.product-type.bundle.unit-test";
		};
		FA5ED1622BEB7FE000C9986A /* AsyncAwaitWithSwiftUIUITests */ = {
			isa = PBXNativeTarget;
			buildConfigurationList = FA5ED1732BEB7FE000C9986A /* Build configuration list for PBXNativeTarget "AsyncAwaitWithSwiftUIUITests" */;
			buildPhases = (
				FA5ED15F2BEB7FE000C9986A /* Sources */,
				FA5ED1602BEB7FE000C9986A /* Frameworks */,
				FA5ED1612BEB7FE000C9986A /* Resources */,
			);
			buildRules = (
			);
			dependencies = (
				FA5ED1652BEB7FE000C9986A /* PBXTargetDependency */,
			);
			name = AsyncAwaitWithSwiftUIUITests;
			productName = AsyncAwaitWithSwiftUIUITests;
			productReference = FA5ED1632BEB7FE000C9986A /* AsyncAwaitWithSwiftUIUITests.xctest */;
			productType = "com.apple.product-type.bundle.ui-testing";
		};
/* End PBXNativeTarget section */

/* Begin PBXProject section */
		FA5ED1412BEB7FDE00C9986A /* Project object */ = {
			isa = PBXProject;
			attributes = {
				BuildIndependentTargetsInParallel = 1;
				LastSwiftUpdateCheck = 1530;
				LastUpgradeCheck = 1530;
				TargetAttributes = {
					FA5ED1482BEB7FDE00C9986A = {
						CreatedOnToolsVersion = 15.3;
					};
					FA5ED1582BEB7FE000C9986A = {
						CreatedOnToolsVersion = 15.3;
						TestTargetID = FA5ED1482BEB7FDE00C9986A;
					};
					FA5ED1622BEB7FE000C9986A = {
						CreatedOnToolsVersion = 15.3;
						TestTargetID = FA5ED1482BEB7FDE00C9986A;
					};
				};
			};
			buildConfigurationList = FA5ED1442BEB7FDE00C9986A /* Build configuration list for PBXProject "AsyncAwaitWithSwiftUI" */;
			compatibilityVersion = "Xcode 14.0";
			developmentRegion = en;
			hasScannedForEncodings = 0;
			knownRegions = (
				en,
				Base,
			);
			mainGroup = FA5ED1402BEB7FDE00C9986A;
			productRefGroup = FA5ED14A2BEB7FDE00C9986A /* Products */;
			projectDirPath = "";
			projectRoot = "";
			targets = (
				FA5ED1482BEB7FDE00C9986A /* AsyncAwaitWithSwiftUI */,
				FA5ED1582BEB7FE000C9986A /* AsyncAwaitWithSwiftUITests */,
				FA5ED1622BEB7FE000C9986A /* AsyncAwaitWithSwiftUIUITests */,
			);
		};
/* End PBXProject section */

/* Begin PBXResourcesBuildPhase section */
		FA5ED1472BEB7FDE00C9986A /* Resources */ = {
			isa = PBXResourcesBuildPhase;
			buildActionMask = 2147483647;
			files = (
				FA5ED1542BEB7FDF00C9986A /* Preview Assets.xcassets in Resources */,
				FA5ED1512BEB7FDF00C9986A /* Assets.xcassets in Resources */,
			);
			runOnlyForDeploymentPostprocessing = 0;
		};
		FA5ED1572BEB7FE000C9986A /* Resources */ = {
			isa = PBXResourcesBuildPhase;
			buildActionMask = 2147483647;
			files = (
			);
			runOnlyForDeploymentPostprocessing = 0;
		};
		FA5ED1612BEB7FE000C9986A /* Resources */ = {
			isa = PBXResourcesBuildPhase;
			buildActionMask = 2147483647;
			files = (
			);
			runOnlyForDeploymentPostprocessing = 0;
		};
/* End PBXResourcesBuildPhase section */

/* Begin PBXSourcesBuildPhase section */
		FA5ED1452BEB7FDE00C9986A /* Sources */ = {
			isa = PBXSourcesBuildPhase;
			buildActionMask = 2147483647;
			files = (
				FA5ED14F2BEB7FDE00C9986A /* ContentView.swift in Sources */,
				FA5ED14D2BEB7FDE00C9986A /* AsyncAwaitWithSwiftUIApp.swift in Sources */,
			);
			runOnlyForDeploymentPostprocessing = 0;
		};
		FA5ED1552BEB7FE000C9986A /* Sources */ = {
			isa = PBXSourcesBuildPhase;
			buildActionMask = 2147483647;
			files = (
				FA5ED15E2BEB7FE000C9986A /* AsyncAwaitWithSwiftUITests.swift in Sources */,
			);
			runOnlyForDeploymentPostprocessing = 0;
		};
		FA5ED15F2BEB7FE000C9986A /* Sources */ = {
			isa = PBXSourcesBuildPhase;
			buildActionMask = 2147483647;
			files = (
				FA5ED16A2BEB7FE000C9986A /* AsyncAwaitWithSwiftUIUITestsLaunchTests.swift in Sources */,
				FA5ED1682BEB7FE000C9986A /* AsyncAwaitWithSwiftUIUITests.swift in Sources */,
			);
			runOnlyForDeploymentPostprocessing = 0;
		};
/* End PBXSourcesBuildPhase section */

/* Begin PBXTargetDependency section */
		FA5ED15B2BEB7FE000C9986A /* PBXTargetDependency */ = {
			isa = PBXTargetDependency;
			target = FA5ED1482BEB7FDE00C9986A /* AsyncAwaitWithSwiftUI */;
			targetProxy = FA5ED15A2BEB7FE000C9986A /* PBXContainerItemProxy */;
		};
		FA5ED1652BEB7FE000C9986A /* PBXTargetDependency */ = {
			isa = PBXTargetDependency;
			target = FA5ED1482BEB7FDE00C9986A /* AsyncAwaitWithSwiftUI */;
			targetProxy = FA5ED1642BEB7FE000C9986A /* PBXContainerItemProxy */;
		};
/* End PBXTargetDependency section */

/* Begin XCBuildConfiguration section */
		FA5ED16B2BEB7FE000C9986A /* Debug */ = {
			isa = XCBuildConfiguration;
			buildSettings = {
				ALWAYS_SEARCH_USER_PATHS = NO;
				ASSETCATALOG_COMPILER_GENERATE_SWIFT_ASSET_SYMBOL_EXTENSIONS = YES;
				CLANG_ANALYZER_NONNULL = YES;
				CLANG_ANALYZER_NUMBER_OBJECT_CONVERSION = YES_AGGRESSIVE;
				CLANG_CXX_LANGUAGE_STANDARD = "gnu++20";
				CLANG_ENABLE_MODULES = YES;
				CLANG_ENABLE_OBJC_ARC = YES;
				CLANG_ENABLE_OBJC_WEAK = YES;
				CLANG_WARN_BLOCK_CAPTURE_AUTORELEASING = YES;
				CLANG_WARN_BOOL_CONVERSION = YES;
				CLANG_WARN_COMMA = YES;
				CLANG_WARN_CONSTANT_CONVERSION = YES;
				CLANG_WARN_DEPRECATED_OBJC_IMPLEMENTATIONS = YES;
				CLANG_WARN_DIRECT_OBJC_ISA_USAGE = YES_ERROR;
				CLANG_WARN_DOCUMENTATION_COMMENTS = YES;
				CLANG_WARN_EMPTY_BODY = YES;
				CLANG_WARN_ENUM_CONVERSION = YES;
				CLANG_WARN_INFINITE_RECURSION = YES;
				CLANG_WARN_INT_CONVERSION = YES;
				CLANG_WARN_NON_LITERAL_NULL_CONVERSION = YES;
				CLANG_WARN_OBJC_IMPLICIT_RETAIN_SELF = YES;
				CLANG_WARN_OBJC_LITERAL_CONVERSION = YES;
				CLANG_WARN_OBJC_ROOT_CLASS = YES_ERROR;
				CLANG_WARN_QUOTED_INCLUDE_IN_FRAMEWORK_HEADER = YES;
				CLANG_WARN_RANGE_LOOP_ANALYSIS = YES;
				CLANG_WARN_STRICT_PROTOTYPES = YES;
				CLANG_WARN_SUSPICIOUS_MOVE = YES;
				CLANG_WARN_UNGUARDED_AVAILABILITY = YES_AGGRESSIVE;
				CLANG_WARN_UNREACHABLE_CODE = YES;
				CLANG_WARN__DUPLICATE_METHOD_MATCH = YES;
				COPY_PHASE_STRIP = NO;
				DEBUG_INFORMATION_FORMAT = dwarf;
				ENABLE_STRICT_OBJC_MSGSEND = YES;
				ENABLE_TESTABILITY = YES;
				ENABLE_USER_SCRIPT_SANDBOXING = YES;
				GCC_C_LANGUAGE_STANDARD = gnu17;
				GCC_DYNAMIC_NO_PIC = NO;
				GCC_NO_COMMON_BLOCKS = YES;
				GCC_OPTIMIZATION_LEVEL = 0;
				GCC_PREPROCESSOR_DEFINITIONS = (
					"DEBUG=1",
					"$(inherited)",
				);
				GCC_WARN_64_TO_32_BIT_CONVERSION = YES;
				GCC_WARN_ABOUT_RETURN_TYPE = YES_ERROR;
				GCC_WARN_UNDECLARED_SELECTOR = YES;
				GCC_WARN_UNINITIALIZED_AUTOS = YES_AGGRESSIVE;
				GCC_WARN_UNUSED_FUNCTION = YES;
				GCC_WARN_UNUSED_VARIABLE = YES;
				IPHONEOS_DEPLOYMENT_TARGET = 17.4;
				LOCALIZATION_PREFERS_STRING_CATALOGS = YES;
				MTL_ENABLE_DEBUG_INFO = INCLUDE_SOURCE;
				MTL_FAST_MATH = YES;
				ONLY_ACTIVE_ARCH = YES;
				SDKROOT = iphoneos;
				SWIFT_ACTIVE_COMPILATION_CONDITIONS = "DEBUG $(inherited)";
				SWIFT_OPTIMIZATION_LEVEL = "-Onone";
			};
			name = Debug;
		};
		FA5ED16C2BEB7FE000C9986A /* Release */ = {
			isa = XCBuildConfiguration;
			buildSettings = {
				ALWAYS_SEARCH_USER_PATHS = NO;
				ASSETCATALOG_COMPILER_GENERATE_SWIFT_ASSET_SYMBOL_EXTENSIONS = YES;
				CLANG_ANALYZER_NONNULL = YES;
				CLANG_ANALYZER_NUMBER_OBJECT_CONVERSION = YES_AGGRESSIVE;
				CLANG_CXX_LANGUAGE_STANDARD = "gnu++20";
				CLANG_ENABLE_MODULES = YES;
				CLANG_ENABLE_OBJC_ARC = YES;
				CLANG_ENABLE_OBJC_WEAK = YES;
				CLANG_WARN_BLOCK_CAPTURE_AUTORELEASING = YES;
				CLANG_WARN_BOOL_CONVERSION = YES;
				CLANG_WARN_COMMA = YES;
				CLANG_WARN_CONSTANT_CONVERSION = YES;
				CLANG_WARN_DEPRECATED_OBJC_IMPLEMENTATIONS = YES;
				CLANG_WARN_DIRECT_OBJC_ISA_USAGE = YES_ERROR;
				CLANG_WARN_DOCUMENTATION_COMMENTS = YES;
				CLANG_WARN_EMPTY_BODY = YES;
				CLANG_WARN_ENUM_CONVERSION = YES;
				CLANG_WARN_INFINITE_RECURSION = YES;
				CLANG_WARN_INT_CONVERSION = YES;
				CLANG_WARN_NON_LITERAL_NULL_CONVERSION = YES;
				CLANG_WARN_OBJC_IMPLICIT_RETAIN_SELF = YES;
				CLANG_WARN_OBJC_LITERAL_CONVERSION = YES;
				CLANG_WARN_OBJC_ROOT_CLASS = YES_ERROR;
				CLANG_WARN_QUOTED_INCLUDE_IN_FRAMEWORK_HEADER = YES;
				CLANG_WARN_RANGE_LOOP_ANALYSIS = YES;
				CLANG_WARN_STRICT_PROTOTYPES = YES;
				CLANG_WARN_SUSPICIOUS_MOVE = YES;
				CLANG_WARN_UNGUARDED_AVAILABILITY = YES_AGGRESSIVE;
				CLANG_WARN_UNREACHABLE_CODE = YES;
				CLANG_WARN__DUPLICATE_METHOD_MATCH = YES;
				COPY_PHASE_STRIP = NO;
				DEBUG_INFORMATION_FORMAT = "dwarf-with-dsym";
				ENABLE_NS_ASSERTIONS = NO;
				ENABLE_STRICT_OBJC_MSGSEND = YES;
				ENABLE_USER_SCRIPT_SANDBOXING = YES;
				GCC_C_LANGUAGE_STANDARD = gnu17;
				GCC_NO_COMMON_BLOCKS = YES;
				GCC_WARN_64_TO_32_BIT_CONVERSION = YES;
				GCC_WARN_ABOUT_RETURN_TYPE = YES_ERROR;
				GCC_WARN_UNDECLARED_SELECTOR = YES;
				GCC_WARN_UNINITIALIZED_AUTOS = YES_AGGRESSIVE;
				GCC_WARN_UNUSED_FUNCTION = YES;
				GCC_WARN_UNUSED_VARIABLE = YES;
				IPHONEOS_DEPLOYMENT_TARGET = 17.4;
				LOCALIZATION_PREFERS_STRING_CATALOGS = YES;
				MTL_ENABLE_DEBUG_INFO = NO;
				MTL_FAST_MATH = YES;
				SDKROOT = iphoneos;
				SWIFT_COMPILATION_MODE = wholemodule;
				VALIDATE_PRODUCT = YES;
			};
			name = Release;
		};
		FA5ED16E2BEB7FE000C9986A /* Debug */ = {
			isa = XCBuildConfiguration;
			buildSettings = {
				ASSETCATALOG_COMPILER_APPICON_NAME = AppIcon;
				ASSETCATALOG_COMPILER_GLOBAL_ACCENT_COLOR_NAME = AccentColor;
				CODE_SIGN_STYLE = Automatic;
				CURRENT_PROJECT_VERSION = 1;
				DEVELOPMENT_ASSET_PATHS = "\"AsyncAwaitWithSwiftUI/Preview Content\"";
				DEVELOPMENT_TEAM = JJS82CC46U;
				ENABLE_PREVIEWS = YES;
				GENERATE_INFOPLIST_FILE = YES;
				INFOPLIST_KEY_UIApplicationSceneManifest_Generation = YES;
				INFOPLIST_KEY_UIApplicationSupportsIndirectInputEvents = YES;
				INFOPLIST_KEY_UILaunchScreen_Generation = YES;
				INFOPLIST_KEY_UISupportedInterfaceOrientations_iPad = "UIInterfaceOrientationPortrait UIInterfaceOrientationPortraitUpsideDown UIInterfaceOrientationLandscapeLeft UIInterfaceOrientationLandscapeRight";
				INFOPLIST_KEY_UISupportedInterfaceOrientations_iPhone = "UIInterfaceOrientationPortrait UIInterfaceOrientationLandscapeLeft UIInterfaceOrientationLandscapeRight";
				LD_RUNPATH_SEARCH_PATHS = (
					"$(inherited)",
					"@executable_path/Frameworks",
				);
				MARKETING_VERSION = 1.0;
				PRODUCT_BUNDLE_IDENTIFIER = com.crisine.AsyncAwaitWithSwiftUI;
				PRODUCT_NAME = "$(TARGET_NAME)";
				SWIFT_EMIT_LOC_STRINGS = YES;
				SWIFT_VERSION = 5.0;
				TARGETED_DEVICE_FAMILY = "1,2";
			};
			name = Debug;
		};
		FA5ED16F2BEB7FE000C9986A /* Release */ = {
			isa = XCBuildConfiguration;
			buildSettings = {
				ASSETCATALOG_COMPILER_APPICON_NAME = AppIcon;
				ASSETCATALOG_COMPILER_GLOBAL_ACCENT_COLOR_NAME = AccentColor;
				CODE_SIGN_STYLE = Automatic;
				CURRENT_PROJECT_VERSION = 1;
				DEVELOPMENT_ASSET_PATHS = "\"AsyncAwaitWithSwiftUI/Preview Content\"";
				DEVELOPMENT_TEAM = JJS82CC46U;
				ENABLE_PREVIEWS = YES;
				GENERATE_INFOPLIST_FILE = YES;
				INFOPLIST_KEY_UIApplicationSceneManifest_Generation = YES;
				INFOPLIST_KEY_UIApplicationSupportsIndirectInputEvents = YES;
				INFOPLIST_KEY_UILaunchScreen_Generation = YES;
				INFOPLIST_KEY_UISupportedInterfaceOrientations_iPad = "UIInterfaceOrientationPortrait UIInterfaceOrientationPortraitUpsideDown UIInterfaceOrientationLandscapeLeft UIInterfaceOrientationLandscapeRight";
				INFOPLIST_KEY_UISupportedInterfaceOrientations_iPhone = "UIInterfaceOrientationPortrait UIInterfaceOrientationLandscapeLeft UIInterfaceOrientationLandscapeRight";
				LD_RUNPATH_SEARCH_PATHS = (
					"$(inherited)",
					"@executable_path/Frameworks",
				);
				MARKETING_VERSION = 1.0;
				PRODUCT_BUNDLE_IDENTIFIER = com.crisine.AsyncAwaitWithSwiftUI;
				PRODUCT_NAME = "$(TARGET_NAME)";
				SWIFT_EMIT_LOC_STRINGS = YES;
				SWIFT_VERSION = 5.0;
				TARGETED_DEVICE_FAMILY = "1,2";
			};
			name = Release;
		};
		FA5ED1712BEB7FE000C9986A /* Debug */ = {
			isa = XCBuildConfiguration;
			buildSettings = {
				ALWAYS_EMBED_SWIFT_STANDARD_LIBRARIES = YES;
				BUNDLE_LOADER = "$(TEST_HOST)";
				CODE_SIGN_STYLE = Automatic;
				CURRENT_PROJECT_VERSION = 1;
				DEVELOPMENT_TEAM = JJS82CC46U;
				GENERATE_INFOPLIST_FILE = YES;
				IPHONEOS_DEPLOYMENT_TARGET = 17.4;
				MARKETING_VERSION = 1.0;
				PRODUCT_BUNDLE_IDENTIFIER = com.crisine.AsyncAwaitWithSwiftUITests;
				PRODUCT_NAME = "$(TARGET_NAME)";
				SWIFT_EMIT_LOC_STRINGS = NO;
				SWIFT_VERSION = 5.0;
				TARGETED_DEVICE_FAMILY = "1,2";
				TEST_HOST = "$(BUILT_PRODUCTS_DIR)/AsyncAwaitWithSwiftUI.app/$(BUNDLE_EXECUTABLE_FOLDER_PATH)/AsyncAwaitWithSwiftUI";
			};
			name = Debug;
		};
		FA5ED1722BEB7FE000C9986A /* Release */ = {
			isa = XCBuildConfiguration;
			buildSettings = {
				ALWAYS_EMBED_SWIFT_STANDARD_LIBRARIES = YES;
				BUNDLE_LOADER = "$(TEST_HOST)";
				CODE_SIGN_STYLE = Automatic;
				CURRENT_PROJECT_VERSION = 1;
				DEVELOPMENT_TEAM = JJS82CC46U;
				GENERATE_INFOPLIST_FILE = YES;
				IPHONEOS_DEPLOYMENT_TARGET = 17.4;
				MARKETING_VERSION = 1.0;
				PRODUCT_BUNDLE_IDENTIFIER = com.crisine.AsyncAwaitWithSwiftUITests;
				PRODUCT_NAME = "$(TARGET_NAME)";
				SWIFT_EMIT_LOC_STRINGS = NO;
				SWIFT_VERSION = 5.0;
				TARGETED_DEVICE_FAMILY = "1,2";
				TEST_HOST = "$(BUILT_PRODUCTS_DIR)/AsyncAwaitWithSwiftUI.app/$(BUNDLE_EXECUTABLE_FOLDER_PATH)/AsyncAwaitWithSwiftUI";
			};
			name = Release;
		};
		FA5ED1742BEB7FE000C9986A /* Debug */ = {
			isa = XCBuildConfiguration;
			buildSettings = {
				ALWAYS_EMBED_SWIFT_STANDARD_LIBRARIES = YES;
				CODE_SIGN_STYLE = Automatic;
				CURRENT_PROJECT_VERSION = 1;
				DEVELOPMENT_TEAM = JJS82CC46U;
				GENERATE_INFOPLIST_FILE = YES;
				MARKETING_VERSION = 1.0;
				PRODUCT_BUNDLE_IDENTIFIER = com.crisine.AsyncAwaitWithSwiftUIUITests;
				PRODUCT_NAME = "$(TARGET_NAME)";
				SWIFT_EMIT_LOC_STRINGS = NO;
				SWIFT_VERSION = 5.0;
				TARGETED_DEVICE_FAMILY = "1,2";
				TEST_TARGET_NAME = AsyncAwaitWithSwiftUI;
			};
			name = Debug;
		};
		FA5ED1752BEB7FE000C9986A /* Release */ = {
			isa = XCBuildConfiguration;
			buildSettings = {
				ALWAYS_EMBED_SWIFT_STANDARD_LIBRARIES = YES;
				CODE_SIGN_STYLE = Automatic;
				CURRENT_PROJECT_VERSION = 1;
				DEVELOPMENT_TEAM = JJS82CC46U;
				GENERATE_INFOPLIST_FILE = YES;
				MARKETING_VERSION = 1.0;
				PRODUCT_BUNDLE_IDENTIFIER = com.crisine.AsyncAwaitWithSwiftUIUITests;
				PRODUCT_NAME = "$(TARGET_NAME)";
				SWIFT_EMIT_LOC_STRINGS = NO;
				SWIFT_VERSION = 5.0;
				TARGETED_DEVICE_FAMILY = "1,2";
				TEST_TARGET_NAME = AsyncAwaitWithSwiftUI;
			};
			name = Release;
		};
/* End XCBuildConfiguration section */

/* Begin XCConfigurationList section */
		FA5ED1442BEB7FDE00C9986A /* Build configuration list for PBXProject "AsyncAwaitWithSwiftUI" */ = {
			isa = XCConfigurationList;
			buildConfigurations = (
				FA5ED16B2BEB7FE000C9986A /* Debug */,
				FA5ED16C2BEB7FE000C9986A /* Release */,
			);
			defaultConfigurationIsVisible = 0;
			defaultConfigurationName = Release;
		};
		FA5ED16D2BEB7FE000C9986A /* Build configuration list for PBXNativeTarget "AsyncAwaitWithSwiftUI" */ = {
			isa = XCConfigurationList;
			buildConfigurations = (
				FA5ED16E2BEB7FE000C9986A /* Debug */,
				FA5ED16F2BEB7FE000C9986A /* Release */,
			);
			defaultConfigurationIsVisible = 0;
			defaultConfigurationName = Release;
		};
		FA5ED1702BEB7FE000C9986A /* Build configuration list for PBXNativeTarget "AsyncAwaitWithSwiftUITests" */ = {
			isa = XCConfigurationList;
			buildConfigurations = (
				FA5ED1712BEB7FE000C9986A /* Debug */,
				FA5ED1722BEB7FE000C9986A /* Release */,
			);
			defaultConfigurationIsVisible = 0;
			defaultConfigurationName = Release;
		};
		FA5ED1732BEB7FE000C9986A /* Build configuration list for PBXNativeTarget "AsyncAwaitWithSwiftUIUITests" */ = {
			isa = XCConfigurationList;
			buildConfigurations = (
				FA5ED1742BEB7FE000C9986A /* Debug */,
				FA5ED1752BEB7FE000C9986A /* Release */,
			);
			defaultConfigurationIsVisible = 0;
			defaultConfigurationName = Release;
		};
/* End XCConfigurationList section */
	};
	rootObject = FA5ED1412BEB7FDE00C9986A /* Project object */;
}
